
Microsoft Visual Studio Solution File, Format Version 12.00
# Visual Studio Version 16
VisualStudioVersion = 16.0.29509.3
MinimumVisualStudioVersion = 10.0.40219.1
Project("{FAE04EC0-301F-11D3-BF4B-00C04F79EFBC}") = "WpfApp1", "WpfApp1\WpfApp1.csproj", "{33208C26-FA76-473A-B039-E5D5D1D9C9C3}"
EndProject
Global
	GlobalSection(SolutionConfigurationPlatforms) = preSolution
		Debug|Any CPU = Debug|Any CPU
		Release|Any CPU = Release|Any CPU
	EndGlobalSection
	GlobalSection(ProjectConfigurationPlatforms) = postSolution
		{33208C26-FA76-473A-B039-E5D5D1D9C9C3}.Debug|Any CPU.ActiveCfg = Debug|Any CPU
		{33208C26-FA76-473A-B039-E5D5D1D9C9C3}.Debug|Any CPU.Build.0 = Debug|Any CPU
		{33208C26-FA76-473A-B039-E5D5D1D9C9C3}.Release|Any CPU.ActiveCfg = Release|Any CPU
		{33208C26-FA76-473A-B039-E5D5D1D9C9C3}.Release|Any CPU.Build.0 = Release|Any CPU
	EndGlobalSection
	GlobalSection(SolutionProperties) = preSolution
		HideSolutionNode = FALSE
	EndGlobalSection
	GlobalSection(ExtensibilityGlobals) = postSolution
		SolutionGuid = {79E010A0-F086-479C-9311-7445D472F8DB}
	EndGlobalSection
EndGlobal
